
Microsoft Visual Studio Solution File, Format Version 12.00
# Visual Studio Version 16
VisualStudioVersion = 16.0.29009.5
MinimumVisualStudioVersion = 10.0.40219.1
Project("{FAE04EC0-301F-11D3-BF4B-00C04F79EFBC}") = "CyberPark", "CyberPark\CyberPark.csproj", "{16591FB2-878A-428E-AB28-C7437AF62989}"
EndProject
Global
	GlobalSection(SolutionConfigurationPlatforms) = preSolution
		Debug|Any CPU = Debug|Any CPU
		Release|Any CPU = Release|Any CPU
	EndGlobalSection
	GlobalSection(ProjectConfigurationPlatforms) = postSolution
		{16591FB2-878A-428E-AB28-C7437AF62989}.Debug|Any CPU.ActiveCfg = Debug|Any CPU
		{16591FB2-878A-428E-AB28-C7437AF62989}.Debug|Any CPU.Build.0 = Debug|Any CPU
		{16591FB2-878A-428E-AB28-C7437AF62989}.Release|Any CPU.ActiveCfg = Release|Any CPU
		{16591FB2-878A-428E-AB28-C7437AF62989}.Release|Any CPU.Build.0 = Release|Any CPU
	EndGlobalSection
	GlobalSection(SolutionProperties) = preSolution
		HideSolutionNode = FALSE
	EndGlobalSection
	GlobalSection(ExtensibilityGlobals) = postSolution
		SolutionGuid = {1FBE8A6A-66D9-45C0-8FB7-4F9A29FD59C3}
	EndGlobalSection
EndGlobal
